{
  "version": 1,
  "generated_at": "2026-06-13T18:11:33.878966+00:00",
  "sources": [
    {
      "url": "https://github.com/obra/superpowers",
      "ref": "main",
      "commit": "6fd4507659784c351abbd2bc264c7162cfd386dc"
    },
    {
      "url": "https://github.com/sickn33/antigravity-awesome-skills",
      "ref": "main",
      "commit": "3a407b3c2bf310dd330da4fc801b9f87d2d8b4d1"
    },
    {
      "url": "https://github.com/mattpocock/skills",
      "ref": "main",
      "commit": "694fa30311e02c2639942308513555e61ee84a6f"
    },
    {
      "url": "https://github.com/affaan-m/everything-claude-code",
      "ref": "main",
      "commit": "5b173d2e6c11b976a0f13b2f59125e08956c1d47"
    },
    {
      "url": "https://github.com/le-diegz/claude-skills-registry",
      "ref": "main",
      "commit": "02370623a724900f1680baff4c6cdfed2d55fa89"
    },
    {
      "url": "https://github.com/alirezarezvani/claude-skills",
      "ref": "main",
      "commit": "4a3c05b69e64f4925f7fc65c88890f614f79caf0"
    },
    {
      "url": "https://github.com/K-Dense-AI/scientific-agent-skills",
      "ref": "main",
      "commit": "2b4cce7d8763232864fa3dff701e311636bcc62f"
    },
    {
      "url": "https://github.com/addyosmani/agent-skills",
      "ref": "main",
      "commit": "d187883b7d761265309cdcc0f202cc76b4b3fb06"
    },
    {
      "url": "https://github.com/ComposioHQ/awesome-claude-skills",
      "ref": "master",
      "commit": "92568c1edaff1bde5371154f036d959346c145a8"
    },
    {
      "url": "https://github.com/coreyhaines31/marketingskills",
      "ref": "main",
      "commit": "bee3f2f42c9ead9271af59a6d2082ed8aca8b3d3"
    },
    {
      "url": "https://github.com/anthropics/skills",
      "ref": "main",
      "commit": "57546260929473d4e0d1c1bb75297be2fdfa1949"
    },
    {
      "url": "https://github.com/kepano/obsidian-skills",
      "ref": "main",
      "commit": "a1dc48e68138490d522c04cbf5822214c6eb1202"
    },
    {
      "url": "https://github.com/Imbad0202/academic-research-skills",
      "ref": "main",
      "commit": "7752a3d730b68535da4badb6094c0a7236b268f1"
    },
    {
      "url": "https://github.com/vercel-labs/agent-skills",
      "ref": "main",
      "commit": "f8a72b9603728bb92a217a879b7e62e43ad76c81"
    },
    {
      "url": "https://github.com/zarazhangrui/frontend-slides",
      "ref": "main",
      "commit": "c28690100a289d979e5e032b44771a7c28a86e40"
    },
    {
      "url": "https://github.com/Orchestra-Research/AI-Research-SKILLs",
      "ref": "main",
      "commit": "28f2d29236f2bade2eb92cadb2585189589a5828"
    },
    {
      "url": "https://github.com/trailofbits/skills",
      "ref": "main",
      "commit": "c070b9b5881183ea5f6e320ff06c46688becb13e"
    },
    {
      "url": "https://github.com/EveryInc/compound-engineering-plugin",
      "ref": "main",
      "commit": "8092abead5ab04355f55fb5ccddedfffd28c8901"
    }
  ]
}