{
  "version": 1,
  "generated_at": "2026-06-08T14:59:40.197260+00:00",
  "sources": [
    {
      "url": "https://github.com/obra/superpowers",
      "ref": "main",
      "commit": "6fd4507659784c351abbd2bc264c7162cfd386dc"
    },
    {
      "url": "https://github.com/sickn33/antigravity-awesome-skills",
      "ref": "main",
      "commit": "afc403de16917b418c301b690970047b2109542f"
    },
    {
      "url": "https://github.com/mattpocock/skills",
      "ref": "main",
      "commit": "2bf70051928429983de3b5718d277150926f8c89"
    },
    {
      "url": "https://github.com/affaan-m/everything-claude-code",
      "ref": "main",
      "commit": "90dfd9505dc860714cf3cc8216ad7bbb96d93365"
    },
    {
      "url": "https://github.com/le-diegz/claude-skills-registry",
      "ref": "main",
      "commit": "02370623a724900f1680baff4c6cdfed2d55fa89"
    },
    {
      "url": "https://github.com/alirezarezvani/claude-skills",
      "ref": "main",
      "commit": "fcd4fa1b203a9a0dc44d2482af21adfb53b7a727"
    },
    {
      "url": "https://github.com/K-Dense-AI/scientific-agent-skills",
      "ref": "main",
      "commit": "9881fe4690a3dfae92e081634068cb417880d924"
    },
    {
      "url": "https://github.com/addyosmani/agent-skills",
      "ref": "main",
      "commit": "c076972e2626fe2acc30b00a6c7240d4c5fb786a"
    },
    {
      "url": "https://github.com/ComposioHQ/awesome-claude-skills",
      "ref": "master",
      "commit": "92568c1edaff1bde5371154f036d959346c145a8"
    },
    {
      "url": "https://github.com/coreyhaines31/marketingskills",
      "ref": "main",
      "commit": "7f4af1ea8e7809e0142c55bf19243a706f539c25"
    },
    {
      "url": "https://github.com/anthropics/skills",
      "ref": "main",
      "commit": "c30d329f5814647c1e2f071020c1e8c1c9893ef1"
    },
    {
      "url": "https://github.com/kepano/obsidian-skills",
      "ref": "main",
      "commit": "084643c6e1dcef9034ceb8e87709e8f7f80c6a84"
    },
    {
      "url": "https://github.com/Imbad0202/academic-research-skills",
      "ref": "main",
      "commit": "7c128a4a0f09b1201434a515db5002e116f5297f"
    },
    {
      "url": "https://github.com/vercel-labs/agent-skills",
      "ref": "main",
      "commit": "4ec6f84b61cd3c931046c3e6e398f3ae7de372f7"
    },
    {
      "url": "https://github.com/zarazhangrui/frontend-slides",
      "ref": "main",
      "commit": "24e420e4acef9850505142c449415ac867e43633"
    },
    {
      "url": "https://github.com/Orchestra-Research/AI-Research-SKILLs",
      "ref": "main",
      "commit": "28f2d29236f2bade2eb92cadb2585189589a5828"
    },
    {
      "url": "https://github.com/trailofbits/skills",
      "ref": "main",
      "commit": "d5fe2e6a7896236c3102fd5477e833623ad70298"
    }
  ]
}