{
  "version": 1,
  "generated_at": "2026-06-04T17:07:42.464927+00:00",
  "sources": [
    {
      "url": "https://github.com/obra/superpowers",
      "ref": "main",
      "commit": "6fd4507659784c351abbd2bc264c7162cfd386dc"
    },
    {
      "url": "https://github.com/sickn33/antigravity-awesome-skills",
      "ref": "main",
      "commit": "b806b97a9a48063f7bdbee5611caf40edd17e305"
    },
    {
      "url": "https://github.com/mattpocock/skills",
      "ref": "main",
      "commit": "aaf2453fbdfe7a15c07f11d861224f34ab4b53cb"
    },
    {
      "url": "https://github.com/affaan-m/everything-claude-code",
      "ref": "main",
      "commit": "bc8e12bb80c904a5a9864797ef1fd1212aa82f3d"
    },
    {
      "url": "https://github.com/le-diegz/claude-skills-registry",
      "ref": "main",
      "commit": "02370623a724900f1680baff4c6cdfed2d55fa89"
    }
  ]
}