{
  "version": 1,
  "generated_at": "2026-09-21T20:51:23.193090+00:00",
  "sources": [
    {
      "url": "https://github.com/obra/superpowers",
      "ref": "main",
      "commit": "5bf4e78011075bcfc0dc295f0724994cd123ee71"
    },
    {
      "url": "https://github.com/sickn33/antigravity-awesome-skills",
      "ref": "main",
      "commit": "c585de4848835abe9d753442621c58473fb8bb1e"
    },
    {
      "url": "https://github.com/mattpocock/skills",
      "ref": "main",
      "commit": "c55ee46073ed923f86ce59a5eb3b6d895095d1b7"
    },
    {
      "url": "https://github.com/affaan-m/everything-claude-code",
      "ref": "main",
      "commit": "bf70150eb2df8070024e5bdf08e4aa08959e2735"
    },
    {
      "url": "https://github.com/le-diegz/claude-skills-registry",
      "ref": "main",
      "commit": "02370623a724900f1680baff4c6cdfed2d55fa89"
    },
    {
      "url": "https://github.com/alirezarezvani/claude-skills",
      "ref": "main",
      "commit": "19392f7a08264ed00486a251f5b2098321771f94"
    },
    {
      "url": "https://github.com/K-Dense-AI/scientific-agent-skills",
      "ref": "main",
      "commit": "49c6e97775eaa18ba791bebe23162a70ae601c18"
    },
    {
      "url": "https://github.com/addyosmani/agent-skills",
      "ref": "main",
      "commit": "dc27a9c2e13721158157632de61b4106c6c2a2a1"
    },
    {
      "url": "https://github.com/ComposioHQ/awesome-claude-skills",
      "ref": "master",
      "commit": "be2a406907dbc61b73e6827ded415c96139d13a2"
    },
    {
      "url": "https://github.com/coreyhaines31/marketingskills",
      "ref": "main",
      "commit": "5b2c0007766c6a1cf1d53fd8fc73e979e0821022"
    },
    {
      "url": "https://github.com/anthropics/skills",
      "ref": "main",
      "commit": "34040c9c568585f6929bedeaad110ad08f079624"
    },
    {
      "url": "https://github.com/kepano/obsidian-skills",
      "ref": "main",
      "commit": "3ccff5338ea700537839b21900aa5358a0402c98"
    },
    {
      "url": "https://github.com/Imbad0202/academic-research-skills",
      "ref": "main",
      "commit": "a1819d82c36969d9137f7f621916536262af6b4f"
    },
    {
      "url": "https://github.com/vercel-labs/agent-skills",
      "ref": "main",
      "commit": "063bee94c3f4df8453406c830b0a7df0f2860278"
    },
    {
      "url": "https://github.com/zarazhangrui/frontend-slides",
      "ref": "main",
      "commit": "9906a34d640d2111f724544cbc50f7f130569ae1"
    },
    {
      "url": "https://github.com/Orchestra-Research/AI-Research-SKILLs",
      "ref": "main",
      "commit": "773a52944ba4747a18bd4ae9ade53fff041adcbc"
    },
    {
      "url": "https://github.com/trailofbits/skills",
      "ref": "main",
      "commit": "123037ec8aed26f0d86327cc39137ee5043e5deb"
    },
    {
      "url": "https://github.com/EveryInc/compound-engineering-plugin",
      "ref": "main",
      "commit": "f794948b1838eb38f1f47e83176b85e2c9cb3873"
    },
    {
      "url": "https://github.com/Xquik-dev/x-twitter-scraper",
      "ref": "master",
      "commit": "69f378c8b9f2893cb4676546a0cd3be78e50c7c9"
    },
    {
      "url": "https://github.com/cursor/plugins",
      "ref": "main",
      "commit": "640ea3abfbdef74aad432b58d8586e4bf645f42d"
    }
  ]
}