{
  "version": 1,
  "generated_at": "2026-06-07T14:58:59.345340+00:00",
  "sources": [
    {
      "url": "https://github.com/obra/superpowers",
      "ref": "main",
      "commit": "6fd4507659784c351abbd2bc264c7162cfd386dc"
    },
    {
      "url": "https://github.com/sickn33/antigravity-awesome-skills",
      "ref": "main",
      "commit": "d89c349f775bff02124a1bbd345450115c1c8705"
    },
    {
      "url": "https://github.com/mattpocock/skills",
      "ref": "main",
      "commit": "be55a7970319ede7965edbb02b5e41cba1ca82c9"
    },
    {
      "url": "https://github.com/affaan-m/everything-claude-code",
      "ref": "main",
      "commit": "90dfd9505dc860714cf3cc8216ad7bbb96d93365"
    },
    {
      "url": "https://github.com/le-diegz/claude-skills-registry",
      "ref": "main",
      "commit": "02370623a724900f1680baff4c6cdfed2d55fa89"
    },
    {
      "url": "https://github.com/alirezarezvani/claude-skills",
      "ref": "main",
      "commit": "fcd4fa1b203a9a0dc44d2482af21adfb53b7a727"
    }
  ]
}